// !$*UTF8*$!
{
	archiveVersion = 1;
	classes = {
	};
	objectVersion = 46;
	objects = {

/* Begin PBXBuildFile section */
		0F1536431C5618640036B703 /* ConversionViewController.swift in Sources */ = {isa = PBXBuildFile; fileRef = 0F1536421C5618640036B703 /* ConversionViewController.swift */; };
		0F293BB21C5CEE950095A8A0 /* WebViewController.swift in Sources */ = {isa = PBXBuildFile; fileRef = 0F293BB11C5CEE950095A8A0 /* WebViewController.swift */; };
		0F293BB41C5CEEFB0095A8A0 /* WebKit.framework in Frameworks */ = {isa = PBXBuildFile; fileRef = 0F293BB31C5CEEFB0095A8A0 /* WebKit.framework */; };
		0F487F591C5A40F700D8D053 /* MapKit.framework in Frameworks */ = {isa = PBXBuildFile; fileRef = 0F487F581C5A40F700D8D053 /* MapKit.framework */; };
		0F487F5B1C5A52C300D8D053 /* MapViewController.swift in Sources */ = {isa = PBXBuildFile; fileRef = 0F487F5A1C5A52C300D8D053 /* MapViewController.swift */; };
		0F5860FF1C62309500486E77 /* Localizable.strings in Resources */ = {isa = PBXBuildFile; fileRef = 0F5861011C62309500486E77 /* Localizable.strings */; };
		0F89AFEC1C539E5400E458E3 /* AppDelegate.swift in Sources */ = {isa = PBXBuildFile; fileRef = 0F89AFEB1C539E5400E458E3 /* AppDelegate.swift */; };
		0F89AFF11C539E5400E458E3 /* Main.storyboard in Resources */ = {isa = PBXBuildFile; fileRef = 0F89AFEF1C539E5400E458E3 /* Main.storyboard */; };
		0F89AFF31C539E5500E458E3 /* Assets.xcassets in Resources */ = {isa = PBXBuildFile; fileRef = 0F89AFF21C539E5500E458E3 /* Assets.xcassets */; };
		0F89AFF61C539E5500E458E3 /* LaunchScreen.storyboard in Resources */ = {isa = PBXBuildFile; fileRef = 0F89AFF41C539E5500E458E3 /* LaunchScreen.storyboard */; };
/* End PBXBuildFile section */

/* Begin PBXFileReference section */
		0F1536421C5618640036B703 /* ConversionViewController.swift */ = {isa = PBXFileReference; fileEncoding = 4; lastKnownFileType = sourcecode.swift; path = ConversionViewController.swift; sourceTree = "<group>"; };
		0F18C4C31C6101DD0014272E /* en */ = {isa = PBXFileReference; lastKnownFileType = text.plist.strings; name = en; path = en.lproj/Main.strings; sourceTree = "<group>"; };
		0F18C4C41C6102600014272E /* zh-Hans */ = {isa = PBXFileReference; lastKnownFileType = text.plist.strings; name = "zh-Hans"; path = "zh-Hans.lproj/Main.strings"; sourceTree = "<group>"; };
		0F18C4C51C61026A0014272E /* es */ = {isa = PBXFileReference; lastKnownFileType = text.plist.strings; name = es; path = es.lproj/Main.strings; sourceTree = "<group>"; };
		0F293BB11C5CEE950095A8A0 /* WebViewController.swift */ = {isa = PBXFileReference; fileEncoding = 4; lastKnownFileType = sourcecode.swift; path = WebViewController.swift; sourceTree = "<group>"; };
		0F293BB31C5CEEFB0095A8A0 /* WebKit.framework */ = {isa = PBXFileReference; lastKnownFileType = wrapper.framework; name = WebKit.framework; path = System/Library/PrivateFrameworks/WebKit.framework; sourceTree = SDKROOT; };
		0F487F581C5A40F700D8D053 /* MapKit.framework */ = {isa = PBXFileReference; lastKnownFileType = wrapper.framework; name = MapKit.framework; path = System/Library/Frameworks/MapKit.framework; sourceTree = SDKROOT; };
		0F487F5A1C5A52C300D8D053 /* MapViewController.swift */ = {isa = PBXFileReference; fileEncoding = 4; lastKnownFileType = sourcecode.swift; path = MapViewController.swift; sourceTree = "<group>"; };
		0F5861001C62309500486E77 /* Base */ = {isa = PBXFileReference; lastKnownFileType = text.plist.strings; name = Base; path = Base.lproj/Localizable.strings; sourceTree = "<group>"; };
		0F5861021C6230A400486E77 /* en */ = {isa = PBXFileReference; lastKnownFileType = text.plist.strings; name = en; path = en.lproj/Localizable.strings; sourceTree = "<group>"; };
		0F5861031C6230A500486E77 /* zh-Hans */ = {isa = PBXFileReference; lastKnownFileType = text.plist.strings; name = "zh-Hans"; path = "zh-Hans.lproj/Localizable.strings"; sourceTree = "<group>"; };
		0F5861041C6230A600486E77 /* es */ = {isa = PBXFileReference; lastKnownFileType = text.plist.strings; name = es; path = es.lproj/Localizable.strings; sourceTree = "<group>"; };
		0F89AFE81C539E5400E458E3 /* WorldTrotter.app */ = {isa = PBXFileReference; explicitFileType = wrapper.application; includeInIndex = 0; path = WorldTrotter.app; sourceTree = BUILT_PRODUCTS_DIR; };
		0F89AFEB1C539E5400E458E3 /* AppDelegate.swift */ = {isa = PBXFileReference; lastKnownFileType = sourcecode.swift; path = AppDelegate.swift; sourceTree = "<group>"; };
		0F89AFF01C539E5400E458E3 /* Base */ = {isa = PBXFileReference; lastKnownFileType = file.storyboard; name = Base; path = Base.lproj/Main.storyboard; sourceTree = "<group>"; };
		0F89AFF21C539E5500E458E3 /* Assets.xcassets */ = {isa = PBXFileReference; lastKnownFileType = folder.assetcatalog; path = Assets.xcassets; sourceTree = "<group>"; };
		0F89AFF51C539E5500E458E3 /* Base */ = {isa = PBXFileReference; lastKnownFileType = file.storyboard; name = Base; path = Base.lproj/LaunchScreen.storyboard; sourceTree = "<group>"; };
		0F89AFF71C539E5500E458E3 /* Info.plist */ = {isa = PBXFileReference; lastKnownFileType = text.plist.xml; path = Info.plist; sourceTree = "<group>"; };
/* End PBXFileReference section */

/* Begin PBXFrameworksBuildPhase section */
		0F89AFE51C539E5400E458E3 /* Frameworks */ = {
			isa = PBXFrameworksBuildPhase;
			buildActionMask = 2147483647;
			files = (
				0F293BB41C5CEEFB0095A8A0 /* WebKit.framework in Frameworks */,
				0F487F591C5A40F700D8D053 /* MapKit.framework in Frameworks */,
			);
			runOnlyForDeploymentPostprocessing = 0;
		};
/* End PBXFrameworksBuildPhase section */

/* Begin PBXGroup section */
		0F89AFDF1C539E5400E458E3 = {
			isa = PBXGroup;
			children = (
				0F293BB31C5CEEFB0095A8A0 /* WebKit.framework */,
				0F487F581C5A40F700D8D053 /* MapKit.framework */,
				0F89AFEA1C539E5400E458E3 /* WorldTrotter */,
				0F89AFE91C539E5400E458E3 /* Products */,
			);
			sourceTree = "<group>";
		};
		0F89AFE91C539E5400E458E3 /* Products */ = {
			isa = PBXGroup;
			children = (
				0F89AFE81C539E5400E458E3 /* WorldTrotter.app */,
			);
			name = Products;
			sourceTree = "<group>";
		};
		0F89AFEA1C539E5400E458E3 /* WorldTrotter */ = {
			isa = PBXGroup;
			children = (
				0F89AFEB1C539E5400E458E3 /* AppDelegate.swift */,
				0F89AFEF1C539E5400E458E3 /* Main.storyboard */,
				0F293BB11C5CEE950095A8A0 /* WebViewController.swift */,
				0F487F5A1C5A52C300D8D053 /* MapViewController.swift */,
				0F5861011C62309500486E77 /* Localizable.strings */,
				0F1536421C5618640036B703 /* ConversionViewController.swift */,
				0F89AFF21C539E5500E458E3 /* Assets.xcassets */,
				0F89AFF41C539E5500E458E3 /* LaunchScreen.storyboard */,
				0F89AFF71C539E5500E458E3 /* Info.plist */,
			);
			path = WorldTrotter;
			sourceTree = "<group>";
		};
/* End PBXGroup section */

/* Begin PBXNativeTarget section */
		0F89AFE71C539E5400E458E3 /* WorldTrotter */ = {
			isa = PBXNativeTarget;
			buildConfigurationList = 0F89AFFA1C539E5500E458E3 /* Build configuration list for PBXNativeTarget "WorldTrotter" */;
			buildPhases = (
				0F89AFE41C539E5400E458E3 /* Sources */,
				0F89AFE51C539E5400E458E3 /* Frameworks */,
				0F89AFE61C539E5400E458E3 /* Resources */,
			);
			buildRules = (
			);
			dependencies = (
			);
			name = WorldTrotter;
			productName = WorldTrotter;
			productReference = 0F89AFE81C539E5400E458E3 /* WorldTrotter.app */;
			productType = "com.apple.product-type.application";
		};
/* End PBXNativeTarget section */

/* Begin PBXProject section */
		0F89AFE01C539E5400E458E3 /* Project object */ = {
			isa = PBXProject;
			attributes = {
				LastSwiftUpdateCheck = 0720;
				LastUpgradeCheck = 0720;
				ORGANIZATIONNAME = "Ivan Cai";
				TargetAttributes = {
					0F89AFE71C539E5400E458E3 = {
						CreatedOnToolsVersion = 7.2;
						DevelopmentTeam = D683798Y4X;
					};
				};
			};
			buildConfigurationList = 0F89AFE31C539E5400E458E3 /* Build configuration list for PBXProject "WorldTrotter" */;
			compatibilityVersion = "Xcode 3.2";
			developmentRegion = English;
			hasScannedForEncodings = 0;
			knownRegions = (
				en,
				Base,
				"zh-Hans",
				es,
			);
			mainGroup = 0F89AFDF1C539E5400E458E3;
			productRefGroup = 0F89AFE91C539E5400E458E3 /* Products */;
			projectDirPath = "";
			projectRoot = "";
			targets = (
				0F89AFE71C539E5400E458E3 /* WorldTrotter */,
			);
		};
/* End PBXProject section */

/* Begin PBXResourcesBuildPhase section */
		0F89AFE61C539E5400E458E3 /* Resources */ = {
			isa = PBXResourcesBuildPhase;
			buildActionMask = 2147483647;
			files = (
				0F89AFF61C539E5500E458E3 /* LaunchScreen.storyboard in Resources */,
				0F5860FF1C62309500486E77 /* Localizable.strings in Resources */,
				0F89AFF31C539E5500E458E3 /* Assets.xcassets in Resources */,
				0F89AFF11C539E5400E458E3 /* Main.storyboard in Resources */,
			);
			runOnlyForDeploymentPostprocessing = 0;
		};
/* End PBXResourcesBuildPhase section */

/* Begin PBXSourcesBuildPhase section */
		0F89AFE41C539E5400E458E3 /* Sources */ = {
			isa = PBXSourcesBuildPhase;
			buildActionMask = 2147483647;
			files = (
				0F1536431C5618640036B703 /* ConversionViewController.swift in Sources */,
				0F487F5B1C5A52C300D8D053 /* MapViewController.swift in Sources */,
				0F89AFEC1C539E5400E458E3 /* AppDelegate.swift in Sources */,
				0F293BB21C5CEE950095A8A0 /* WebViewController.swift in Sources */,
			);
			runOnlyForDeploymentPostprocessing = 0;
		};
/* End PBXSourcesBuildPhase section */

/* Begin PBXVariantGroup section */
		0F5861011C62309500486E77 /* Localizable.strings */ = {
			isa = PBXVariantGroup;
			children = (
				0F5861001C62309500486E77 /* Base */,
				0F5861021C6230A400486E77 /* en */,
				0F5861031C6230A500486E77 /* zh-Hans */,
				0F5861041C6230A600486E77 /* es */,
			);
			name = Localizable.strings;
			sourceTree = "<group>";
		};
		0F89AFEF1C539E5400E458E3 /* Main.storyboard */ = {
			isa = PBXVariantGroup;
			children = (
				0F89AFF01C539E5400E458E3 /* Base */,
				0F18C4C31C6101DD0014272E /* en */,
				0F18C4C41C6102600014272E /* zh-Hans */,
				0F18C4C51C61026A0014272E /* es */,
			);
			name = Main.storyboard;
			sourceTree = "<group>";
		};
		0F89AFF41C539E5500E458E3 /* LaunchScreen.storyboard */ = {
			isa = PBXVariantGroup;
			children = (
				0F89AFF51C539E5500E458E3 /* Base */,
			);
			name = LaunchScreen.storyboard;
			sourceTree = "<group>";
		};
/* End PBXVariantGroup section */

/* Begin XCBuildConfiguration section */
		0F89AFF81C539E5500E458E3 /* Debug */ = {
			isa = XCBuildConfiguration;
			buildSettings = {
				ALWAYS_SEARCH_USER_PATHS = NO;
				CLANG_CXX_LANGUAGE_STANDARD = "gnu++0x";
				CLANG_CXX_LIBRARY = "libc++";
				CLANG_ENABLE_MODULES = YES;
				CLANG_ENABLE_OBJC_ARC = YES;
				CLANG_WARN_BOOL_CONVERSION = YES;
				CLANG_WARN_CONSTANT_CONVERSION = YES;
				CLANG_WARN_DIRECT_OBJC_ISA_USAGE = YES_ERROR;
				CLANG_WARN_EMPTY_BODY = YES;
				CLANG_WARN_ENUM_CONVERSION = YES;
				CLANG_WARN_INT_CONVERSION = YES;
				CLANG_WARN_OBJC_ROOT_CLASS = YES_ERROR;
				CLANG_WARN_UNREACHABLE_CODE = YES;
				CLANG_WARN__DUPLICATE_METHOD_MATCH = YES;
				"CODE_SIGN_IDENTITY[sdk=iphoneos*]" = "iPhone Developer";
				COPY_PHASE_STRIP = NO;
				DEBUG_INFORMATION_FORMAT = dwarf;
				ENABLE_STRICT_OBJC_MSGSEND = YES;
				ENABLE_TESTABILITY = YES;
				GCC_C_LANGUAGE_STANDARD = gnu99;
				GCC_DYNAMIC_NO_PIC = NO;
				GCC_NO_COMMON_BLOCKS = YES;
				GCC_OPTIMIZATION_LEVEL = 0;
				GCC_PREPROCESSOR_DEFINITIONS = (
					"DEBUG=1",
					"$(inherited)",
				);
				GCC_WARN_64_TO_32_BIT_CONVERSION = YES;
				GCC_WARN_ABOUT_RETURN_TYPE = YES_ERROR;
				GCC_WARN_UNDECLARED_SELECTOR = YES;
				GCC_WARN_UNINITIALIZED_AUTOS = YES_AGGRESSIVE;
				GCC_WARN_UNUSED_FUNCTION = YES;
				GCC_WARN_UNUSED_VARIABLE = YES;
				IPHONEOS_DEPLOYMENT_TARGET = 9.2;
				MTL_ENABLE_DEBUG_INFO = YES;
				ONLY_ACTIVE_ARCH = YES;
				SDKROOT = iphoneos;
				SWIFT_OPTIMIZATION_LEVEL = "-Onone";
			};
			name = Debug;
		};
		0F89AFF91C539E5500E458E3 /* Release */ = {
			isa = XCBuildConfiguration;
			buildSettings = {
				ALWAYS_SEARCH_USER_PATHS = NO;
				CLANG_CXX_LANGUAGE_STANDARD = "gnu++0x";
				CLANG_CXX_LIBRARY = "libc++";
				CLANG_ENABLE_MODULES = YES;
				CLANG_ENABLE_OBJC_ARC = YES;
				CLANG_WARN_BOOL_CONVERSION = YES;
				CLANG_WARN_CONSTANT_CONVERSION = YES;
				CLANG_WARN_DIRECT_OBJC_ISA_USAGE = YES_ERROR;
				CLANG_WARN_EMPTY_BODY = YES;
				CLANG_WARN_ENUM_CONVERSION = YES;
				CLANG_WARN_INT_CONVERSION = YES;
				CLANG_WARN_OBJC_ROOT_CLASS = YES_ERROR;
				CLANG_WARN_UNREACHABLE_CODE = YES;
				CLANG_WARN__DUPLICATE_METHOD_MATCH = YES;
				"CODE_SIGN_IDENTITY[sdk=iphoneos*]" = "iPhone Developer";
				COPY_PHASE_STRIP = NO;
				DEBUG_INFORMATION_FORMAT = "dwarf-with-dsym";
				ENABLE_NS_ASSERTIONS = NO;
				ENABLE_STRICT_OBJC_MSGSEND = YES;
				GCC_C_LANGUAGE_STANDARD = gnu99;
				GCC_NO_COMMON_BLOCKS = YES;
				GCC_WARN_64_TO_32_BIT_CONVERSION = YES;
				GCC_WARN_ABOUT_RETURN_TYPE = YES_ERROR;
				GCC_WARN_UNDECLARED_SELECTOR = YES;
				GCC_WARN_UNINITIALIZED_AUTOS = YES_AGGRESSIVE;
				GCC_WARN_UNUSED_FUNCTION = YES;
				GCC_WARN_UNUSED_VARIABLE = YES;
				IPHONEOS_DEPLOYMENT_TARGET = 9.2;
				MTL_ENABLE_DEBUG_INFO = NO;
				SDKROOT = iphoneos;
				VALIDATE_PRODUCT = YES;
			};
			name = Release;
		};
		0F89AFFB1C539E5500E458E3 /* Debug */ = {
			isa = XCBuildConfiguration;
			buildSettings = {
				ASSETCATALOG_COMPILER_APPICON_NAME = AppIcon;
				FRAMEWORK_SEARCH_PATHS = (
					"$(inherited)",
					"$(SDKROOT)$(SYSTEM_LIBRARY_DIR)/PrivateFrameworks",
				);
				INFOPLIST_FILE = WorldTrotter/Info.plist;
				LD_RUNPATH_SEARCH_PATHS = "$(inherited) @executable_path/Frameworks";
				PRODUCT_BUNDLE_IDENTIFIER = caizixian.WorldTrotter;
				PRODUCT_NAME = "$(TARGET_NAME)";
			};
			name = Debug;
		};
		0F89AFFC1C539E5500E458E3 /* Release */ = {
			isa = XCBuildConfiguration;
			buildSettings = {
				ASSETCATALOG_COMPILER_APPICON_NAME = AppIcon;
				FRAMEWORK_SEARCH_PATHS = (
					"$(inherited)",
					"$(SDKROOT)$(SYSTEM_LIBRARY_DIR)/PrivateFrameworks",
				);
				INFOPLIST_FILE = WorldTrotter/Info.plist;
				LD_RUNPATH_SEARCH_PATHS = "$(inherited) @executable_path/Frameworks";
				PRODUCT_BUNDLE_IDENTIFIER = caizixian.WorldTrotter;
				PRODUCT_NAME = "$(TARGET_NAME)";
			};
			name = Release;
		};
/* End XCBuildConfiguration section */

/* Begin XCConfigurationList section */
		0F89AFE31C539E5400E458E3 /* Build configuration list for PBXProject "WorldTrotter" */ = {
			isa = XCConfigurationList;
			buildConfigurations = (
				0F89AFF81C539E5500E458E3 /* Debug */,
				0F89AFF91C539E5500E458E3 /* Release */,
			);
			defaultConfigurationIsVisible = 0;
			defaultConfigurationName = Release;
		};
		0F89AFFA1C539E5500E458E3 /* Build configuration list for PBXNativeTarget "WorldTrotter" */ = {
			isa = XCConfigurationList;
			buildConfigurations = (
				0F89AFFB1C539E5500E458E3 /* Debug */,
				0F89AFFC1C539E5500E458E3 /* Release */,
			);
			defaultConfigurationIsVisible = 0;
			defaultConfigurationName = Release;
		};
/* End XCConfigurationList section */
	};
	rootObject = 0F89AFE01C539E5400E458E3 /* Project object */;
}
